// !$*UTF8*$!
{
	archiveVersion = 1;
	classes = {
	};
	objectVersion = 51;
	objects = {

/* Begin PBXBuildFile section */
		317D506B2EB626429F28FFEE /* Pods_LGQ_A_CategoryTests.framework in Frameworks */ = {isa = PBXBuildFile; fileRef = 55819E218B114D529F716FE5 /* Pods_LGQ_A_CategoryTests.framework */; };
		6933939E28E424685D8885D7 /* Pods_LGQ_A_Category_LGQ_A_CategoryUITests.framework in Frameworks */ = {isa = PBXBuildFile; fileRef = 2634A2A09AE3FB90569BCE96 /* Pods_LGQ_A_Category_LGQ_A_CategoryUITests.framework */; };
		8DE1EEDA24BD5CCF0042042B /* AppDelegate.m in Sources */ = {isa = PBXBuildFile; fileRef = 8DE1EED924BD5CCF0042042B /* AppDelegate.m */; };
		8DE1EEDD24BD5CCF0042042B /* SceneDelegate.m in Sources */ = {isa = PBXBuildFile; fileRef = 8DE1EEDC24BD5CCF0042042B /* SceneDelegate.m */; };
		8DE1EEE024BD5CCF0042042B /* ViewController.m in Sources */ = {isa = PBXBuildFile; fileRef = 8DE1EEDF24BD5CCF0042042B /* ViewController.m */; };
		8DE1EEE324BD5CCF0042042B /* Main.storyboard in Resources */ = {isa = PBXBuildFile; fileRef = 8DE1EEE124BD5CCF0042042B /* Main.storyboard */; };
		8DE1EEE624BD5CCF0042042B /* LGQ_A_Category.xcdatamodeld in Sources */ = {isa = PBXBuildFile; fileRef = 8DE1EEE424BD5CCF0042042B /* LGQ_A_Category.xcdatamodeld */; };
		8DE1EEE824BD5CD20042042B /* Assets.xcassets in Resources */ = {isa = PBXBuildFile; fileRef = 8DE1EEE724BD5CD20042042B /* Assets.xcassets */; };
		8DE1EEEB24BD5CD20042042B /* LaunchScreen.storyboard in Resources */ = {isa = PBXBuildFile; fileRef = 8DE1EEE924BD5CD20042042B /* LaunchScreen.storyboard */; };
		8DE1EEEE24BD5CD20042042B /* main.m in Sources */ = {isa = PBXBuildFile; fileRef = 8DE1EEED24BD5CD20042042B /* main.m */; };
		8DE1EEF824BD5CD20042042B /* LGQ_A_CategoryTests.m in Sources */ = {isa = PBXBuildFile; fileRef = 8DE1EEF724BD5CD20042042B /* LGQ_A_CategoryTests.m */; };
		8DE1EF0324BD5CD20042042B /* LGQ_A_CategoryUITests.m in Sources */ = {isa = PBXBuildFile; fileRef = 8DE1EF0224BD5CD20042042B /* LGQ_A_CategoryUITests.m */; };
		8DE1EF1324BD6B8C0042042B /* CTMediator+LGQ_A.m in Sources */ = {isa = PBXBuildFile; fileRef = 8DE1EF1224BD6B8C0042042B /* CTMediator+LGQ_A.m */; };
		DE6760CC8F1BC72D30A109B6 /* Pods_LGQ_A_Category.framework in Frameworks */ = {isa = PBXBuildFile; fileRef = 3F2A3E8A245F4509C46CC2B8 /* Pods_LGQ_A_Category.framework */; };
/* End PBXBuildFile section */

/* Begin PBXContainerItemProxy section */
		8DE1EEF424BD5CD20042042B /* PBXContainerItemProxy */ = {
			isa = PBXContainerItemProxy;
			containerPortal = 8DE1EECD24BD5CCF0042042B /* Project object */;
			proxyType = 1;
			remoteGlobalIDString = 8DE1EED424BD5CCF0042042B;
			remoteInfo = LGQ_A_Category;
		};
		8DE1EEFF24BD5CD20042042B /* PBXContainerItemProxy */ = {
			isa = PBXContainerItemProxy;
			containerPortal = 8DE1EECD24BD5CCF0042042B /* Project object */;
			proxyType = 1;
			remoteGlobalIDString = 8DE1EED424BD5CCF0042042B;
			remoteInfo = LGQ_A_Category;
		};
/* End PBXContainerItemProxy section */

/* Begin PBXFileReference section */
		2634A2A09AE3FB90569BCE96 /* Pods_LGQ_A_Category_LGQ_A_CategoryUITests.framework */ = {isa = PBXFileReference; explicitFileType = wrapper.framework; includeInIndex = 0; path = Pods_LGQ_A_Category_LGQ_A_CategoryUITests.framework; sourceTree = BUILT_PRODUCTS_DIR; };
		3BB335957E3E74489F0214E6 /* Pods-LGQ_A_CategoryTests.debug.xcconfig */ = {isa = PBXFileReference; includeInIndex = 1; lastKnownFileType = text.xcconfig; name = "Pods-LGQ_A_CategoryTests.debug.xcconfig"; path = "Target Support Files/Pods-LGQ_A_CategoryTests/Pods-LGQ_A_CategoryTests.debug.xcconfig"; sourceTree = "<group>"; };
		3F2A3E8A245F4509C46CC2B8 /* Pods_LGQ_A_Category.framework */ = {isa = PBXFileReference; explicitFileType = wrapper.framework; includeInIndex = 0; path = Pods_LGQ_A_Category.framework; sourceTree = BUILT_PRODUCTS_DIR; };
		498246554C378FD853BFEF56 /* Pods-LGQ_A_CategoryTests.release.xcconfig */ = {isa = PBXFileReference; includeInIndex = 1; lastKnownFileType = text.xcconfig; name = "Pods-LGQ_A_CategoryTests.release.xcconfig"; path = "Target Support Files/Pods-LGQ_A_CategoryTests/Pods-LGQ_A_CategoryTests.release.xcconfig"; sourceTree = "<group>"; };
		55819E218B114D529F716FE5 /* Pods_LGQ_A_CategoryTests.framework */ = {isa = PBXFileReference; explicitFileType = wrapper.framework; includeInIndex = 0; path = Pods_LGQ_A_CategoryTests.framework; sourceTree = BUILT_PRODUCTS_DIR; };
		74F76C7C0120CD6AC202CC3F /* Pods-LGQ_A_Category-LGQ_A_CategoryUITests.release.xcconfig */ = {isa = PBXFileReference; includeInIndex = 1; lastKnownFileType = text.xcconfig; name = "Pods-LGQ_A_Category-LGQ_A_CategoryUITests.release.xcconfig"; path = "Target Support Files/Pods-LGQ_A_Category-LGQ_A_CategoryUITests/Pods-LGQ_A_Category-LGQ_A_CategoryUITests.release.xcconfig"; sourceTree = "<group>"; };
		8DE1EED524BD5CCF0042042B /* LGQ_A_Category.app */ = {isa = PBXFileReference; explicitFileType = wrapper.application; includeInIndex = 0; path = LGQ_A_Category.app; sourceTree = BUILT_PRODUCTS_DIR; };
		8DE1EED824BD5CCF0042042B /* AppDelegate.h */ = {isa = PBXFileReference; lastKnownFileType = sourcecode.c.h; path = AppDelegate.h; sourceTree = "<group>"; };
		8DE1EED924BD5CCF0042042B /* AppDelegate.m */ = {isa = PBXFileReference; lastKnownFileType = sourcecode.c.objc; path = AppDelegate.m; sourceTree = "<group>"; };
		8DE1EEDB24BD5CCF0042042B /* SceneDelegate.h */ = {isa = PBXFileReference; lastKnownFileType = sourcecode.c.h; path = SceneDelegate.h; sourceTree = "<group>"; };
		8DE1EEDC24BD5CCF0042042B /* SceneDelegate.m */ = {isa = PBXFileReference; lastKnownFileType = sourcecode.c.objc; path = SceneDelegate.m; sourceTree = "<group>"; };
		8DE1EEDE24BD5CCF0042042B /* ViewController.h */ = {isa = PBXFileReference; lastKnownFileType = sourcecode.c.h; path = ViewController.h; sourceTree = "<group>"; };
		8DE1EEDF24BD5CCF0042042B /* ViewController.m */ = {isa = PBXFileReference; lastKnownFileType = sourcecode.c.objc; path = ViewController.m; sourceTree = "<group>"; };
		8DE1EEE224BD5CCF0042042B /* Base */ = {isa = PBXFileReference; lastKnownFileType = file.storyboard; name = Base; path = Base.lproj/Main.storyboard; sourceTree = "<group>"; };
		8DE1EEE524BD5CCF0042042B /* LGQ_A_Category.xcdatamodel */ = {isa = PBXFileReference; lastKnownFileType = wrapper.xcdatamodel; path = LGQ_A_Category.xcdatamodel; sourceTree = "<group>"; };
		8DE1EEE724BD5CD20042042B /* Assets.xcassets */ = {isa = PBXFileReference; lastKnownFileType = folder.assetcatalog; path = Assets.xcassets; sourceTree = "<group>"; };
		8DE1EEEA24BD5CD20042042B /* Base */ = {isa = PBXFileReference; lastKnownFileType = file.storyboard; name = Base; path = Base.lproj/LaunchScreen.storyboard; sourceTree = "<group>"; };
		8DE1EEEC24BD5CD20042042B /* Info.plist */ = {isa = PBXFileReference; lastKnownFileType = text.plist.xml; path = Info.plist; sourceTree = "<group>"; };
		8DE1EEED24BD5CD20042042B /* main.m */ = {isa = PBXFileReference; lastKnownFileType = sourcecode.c.objc; path = main.m; sourceTree = "<group>"; };
		8DE1EEF324BD5CD20042042B /* LGQ_A_CategoryTests.xctest */ = {isa = PBXFileReference; explicitFileType = wrapper.cfbundle; includeInIndex = 0; path = LGQ_A_CategoryTests.xctest; sourceTree = BUILT_PRODUCTS_DIR; };
		8DE1EEF724BD5CD20042042B /* LGQ_A_CategoryTests.m */ = {isa = PBXFileReference; lastKnownFileType = sourcecode.c.objc; path = LGQ_A_CategoryTests.m; sourceTree = "<group>"; };
		8DE1EEF924BD5CD20042042B /* Info.plist */ = {isa = PBXFileReference; lastKnownFileType = text.plist.xml; path = Info.plist; sourceTree = "<group>"; };
		8DE1EEFE24BD5CD20042042B /* LGQ_A_CategoryUITests.xctest */ = {isa = PBXFileReference; explicitFileType = wrapper.cfbundle; includeInIndex = 0; path = LGQ_A_CategoryUITests.xctest; sourceTree = BUILT_PRODUCTS_DIR; };
		8DE1EF0224BD5CD20042042B /* LGQ_A_CategoryUITests.m */ = {isa = PBXFileReference; lastKnownFileType = sourcecode.c.objc; path = LGQ_A_CategoryUITests.m; sourceTree = "<group>"; };
		8DE1EF0424BD5CD20042042B /* Info.plist */ = {isa = PBXFileReference; lastKnownFileType = text.plist.xml; path = Info.plist; sourceTree = "<group>"; };
		8DE1EF1124BD6B8C0042042B /* CTMediator+LGQ_A.h */ = {isa = PBXFileReference; lastKnownFileType = sourcecode.c.h; path = "CTMediator+LGQ_A.h"; sourceTree = "<group>"; };
		8DE1EF1224BD6B8C0042042B /* CTMediator+LGQ_A.m */ = {isa = PBXFileReference; lastKnownFileType = sourcecode.c.objc; path = "CTMediator+LGQ_A.m"; sourceTree = "<group>"; };
		96A9F84697BF6CAD51907987 /* Pods-LGQ_A_Category.debug.xcconfig */ = {isa = PBXFileReference; includeInIndex = 1; lastKnownFileType = text.xcconfig; name = "Pods-LGQ_A_Category.debug.xcconfig"; path = "Target Support Files/Pods-LGQ_A_Category/Pods-LGQ_A_Category.debug.xcconfig"; sourceTree = "<group>"; };
		C33B51267DCD70470E56383A /* Pods-LGQ_A_Category-LGQ_A_CategoryUITests.debug.xcconfig */ = {isa = PBXFileReference; includeInIndex = 1; lastKnownFileType = text.xcconfig; name = "Pods-LGQ_A_Category-LGQ_A_CategoryUITests.debug.xcconfig"; path = "Target Support Files/Pods-LGQ_A_Category-LGQ_A_CategoryUITests/Pods-LGQ_A_Category-LGQ_A_CategoryUITests.debug.xcconfig"; sourceTree = "<group>"; };
		C380448EF328C457160D3269 /* Pods-LGQ_A_Category.release.xcconfig */ = {isa = PBXFileReference; includeInIndex = 1; lastKnownFileType = text.xcconfig; name = "Pods-LGQ_A_Category.release.xcconfig"; path = "Target Support Files/Pods-LGQ_A_Category/Pods-LGQ_A_Category.release.xcconfig"; sourceTree = "<group>"; };
/* End PBXFileReference section */

/* Begin PBXFrameworksBuildPhase section */
		8DE1EED224BD5CCF0042042B /* Frameworks */ = {
			isa = PBXFrameworksBuildPhase;
			buildActionMask = 2147483647;
			files = (
				DE6760CC8F1BC72D30A109B6 /* Pods_LGQ_A_Category.framework in Frameworks */,
			);
			runOnlyForDeploymentPostprocessing = 0;
		};
		8DE1EEF024BD5CD20042042B /* Frameworks */ = {
			isa = PBXFrameworksBuildPhase;
			buildActionMask = 2147483647;
			files = (
				317D506B2EB626429F28FFEE /* Pods_LGQ_A_CategoryTests.framework in Frameworks */,
			);
			runOnlyForDeploymentPostprocessing = 0;
		};
		8DE1EEFB24BD5CD20042042B /* Frameworks */ = {
			isa = PBXFrameworksBuildPhase;
			buildActionMask = 2147483647;
			files = (
				6933939E28E424685D8885D7 /* Pods_LGQ_A_Category_LGQ_A_CategoryUITests.framework in Frameworks */,
			);
			runOnlyForDeploymentPostprocessing = 0;
		};
/* End PBXFrameworksBuildPhase section */

/* Begin PBXGroup section */
		2E8F8B3E7AE81BC61D5A3043 /* Pods */ = {
			isa = PBXGroup;
			children = (
				96A9F84697BF6CAD51907987 /* Pods-LGQ_A_Category.debug.xcconfig */,
				C380448EF328C457160D3269 /* Pods-LGQ_A_Category.release.xcconfig */,
				C33B51267DCD70470E56383A /* Pods-LGQ_A_Category-LGQ_A_CategoryUITests.debug.xcconfig */,
				74F76C7C0120CD6AC202CC3F /* Pods-LGQ_A_Category-LGQ_A_CategoryUITests.release.xcconfig */,
				3BB335957E3E74489F0214E6 /* Pods-LGQ_A_CategoryTests.debug.xcconfig */,
				498246554C378FD853BFEF56 /* Pods-LGQ_A_CategoryTests.release.xcconfig */,
			);
			path = Pods;
			sourceTree = "<group>";
		};
		524FD6B04FE770A68B286B64 /* Frameworks */ = {
			isa = PBXGroup;
			children = (
				3F2A3E8A245F4509C46CC2B8 /* Pods_LGQ_A_Category.framework */,
				2634A2A09AE3FB90569BCE96 /* Pods_LGQ_A_Category_LGQ_A_CategoryUITests.framework */,
				55819E218B114D529F716FE5 /* Pods_LGQ_A_CategoryTests.framework */,
			);
			name = Frameworks;
			sourceTree = "<group>";
		};
		8DE1EECC24BD5CCF0042042B = {
			isa = PBXGroup;
			children = (
				8DE1EED724BD5CCF0042042B /* LGQ_A_Category */,
				8DE1EEF624BD5CD20042042B /* LGQ_A_CategoryTests */,
				8DE1EF0124BD5CD20042042B /* LGQ_A_CategoryUITests */,
				8DE1EED624BD5CCF0042042B /* Products */,
				2E8F8B3E7AE81BC61D5A3043 /* Pods */,
				524FD6B04FE770A68B286B64 /* Frameworks */,
			);
			sourceTree = "<group>";
		};
		8DE1EED624BD5CCF0042042B /* Products */ = {
			isa = PBXGroup;
			children = (
				8DE1EED524BD5CCF0042042B /* LGQ_A_Category.app */,
				8DE1EEF324BD5CD20042042B /* LGQ_A_CategoryTests.xctest */,
				8DE1EEFE24BD5CD20042042B /* LGQ_A_CategoryUITests.xctest */,
			);
			name = Products;
			sourceTree = "<group>";
		};
		8DE1EED724BD5CCF0042042B /* LGQ_A_Category */ = {
			isa = PBXGroup;
			children = (
				8DE1EF1024BD66D10042042B /* Classes */,
				8DE1EED824BD5CCF0042042B /* AppDelegate.h */,
				8DE1EED924BD5CCF0042042B /* AppDelegate.m */,
				8DE1EEDB24BD5CCF0042042B /* SceneDelegate.h */,
				8DE1EEDC24BD5CCF0042042B /* SceneDelegate.m */,
				8DE1EEDE24BD5CCF0042042B /* ViewController.h */,
				8DE1EEDF24BD5CCF0042042B /* ViewController.m */,
				8DE1EEE124BD5CCF0042042B /* Main.storyboard */,
				8DE1EEE724BD5CD20042042B /* Assets.xcassets */,
				8DE1EEE924BD5CD20042042B /* LaunchScreen.storyboard */,
				8DE1EEEC24BD5CD20042042B /* Info.plist */,
				8DE1EEED24BD5CD20042042B /* main.m */,
				8DE1EEE424BD5CCF0042042B /* LGQ_A_Category.xcdatamodeld */,
			);
			path = LGQ_A_Category;
			sourceTree = "<group>";
		};
		8DE1EEF624BD5CD20042042B /* LGQ_A_CategoryTests */ = {
			isa = PBXGroup;
			children = (
				8DE1EEF724BD5CD20042042B /* LGQ_A_CategoryTests.m */,
				8DE1EEF924BD5CD20042042B /* Info.plist */,
			);
			path = LGQ_A_CategoryTests;
			sourceTree = "<group>";
		};
		8DE1EF0124BD5CD20042042B /* LGQ_A_CategoryUITests */ = {
			isa = PBXGroup;
			children = (
				8DE1EF0224BD5CD20042042B /* LGQ_A_CategoryUITests.m */,
				8DE1EF0424BD5CD20042042B /* Info.plist */,
			);
			path = LGQ_A_CategoryUITests;
			sourceTree = "<group>";
		};
		8DE1EF1024BD66D10042042B /* Classes */ = {
			isa = PBXGroup;
			children = (
				8DE1EF1124BD6B8C0042042B /* CTMediator+LGQ_A.h */,
				8DE1EF1224BD6B8C0042042B /* CTMediator+LGQ_A.m */,
			);
			path = Classes;
			sourceTree = "<group>";
		};
/* End PBXGroup section */

/* Begin PBXNativeTarget section */
		8DE1EED424BD5CCF0042042B /* LGQ_A_Category */ = {
			isa = PBXNativeTarget;
			buildConfigurationList = 8DE1EF0724BD5CD20042042B /* Build configuration list for PBXNativeTarget "LGQ_A_Category" */;
			buildPhases = (
				F41585DE442267EB36EC7924 /* [CP] Check Pods Manifest.lock */,
				8DE1EED124BD5CCF0042042B /* Sources */,
				8DE1EED224BD5CCF0042042B /* Frameworks */,
				8DE1EED324BD5CCF0042042B /* Resources */,
				4CCB3995E662DB9F9383FC1C /* [CP] Embed Pods Frameworks */,
			);
			buildRules = (
			);
			dependencies = (
			);
			name = LGQ_A_Category;
			productName = LGQ_A_Category;
			productReference = 8DE1EED524BD5CCF0042042B /* LGQ_A_Category.app */;
			productType = "com.apple.product-type.application";
		};
		8DE1EEF224BD5CD20042042B /* LGQ_A_CategoryTests */ = {
			isa = PBXNativeTarget;
			buildConfigurationList = 8DE1EF0A24BD5CD20042042B /* Build configuration list for PBXNativeTarget "LGQ_A_CategoryTests" */;
			buildPhases = (
				724AEA815CE14C6AB04139B5 /* [CP] Check Pods Manifest.lock */,
				8DE1EEEF24BD5CD20042042B /* Sources */,
				8DE1EEF024BD5CD20042042B /* Frameworks */,
				8DE1EEF124BD5CD20042042B /* Resources */,
			);
			buildRules = (
			);
			dependencies = (
				8DE1EEF524BD5CD20042042B /* PBXTargetDependency */,
			);
			name = LGQ_A_CategoryTests;
			productName = LGQ_A_CategoryTests;
			productReference = 8DE1EEF324BD5CD20042042B /* LGQ_A_CategoryTests.xctest */;
			productType = "com.apple.product-type.bundle.unit-test";
		};
		8DE1EEFD24BD5CD20042042B /* LGQ_A_CategoryUITests */ = {
			isa = PBXNativeTarget;
			buildConfigurationList = 8DE1EF0D24BD5CD20042042B /* Build configuration list for PBXNativeTarget "LGQ_A_CategoryUITests" */;
			buildPhases = (
				E64D40F5696225E13749FA43 /* [CP] Check Pods Manifest.lock */,
				8DE1EEFA24BD5CD20042042B /* Sources */,
				8DE1EEFB24BD5CD20042042B /* Frameworks */,
				8DE1EEFC24BD5CD20042042B /* Resources */,
				08652B974B4E97CFC99A9C11 /* [CP] Embed Pods Frameworks */,
			);
			buildRules = (
			);
			dependencies = (
				8DE1EF0024BD5CD20042042B /* PBXTargetDependency */,
			);
			name = LGQ_A_CategoryUITests;
			productName = LGQ_A_CategoryUITests;
			productReference = 8DE1EEFE24BD5CD20042042B /* LGQ_A_CategoryUITests.xctest */;
			productType = "com.apple.product-type.bundle.ui-testing";
		};
/* End PBXNativeTarget section */

/* Begin PBXProject section */
		8DE1EECD24BD5CCF0042042B /* Project object */ = {
			isa = PBXProject;
			attributes = {
				LastUpgradeCheck = 1150;
				ORGANIZATIONNAME = "刘国庆";
				TargetAttributes = {
					8DE1EED424BD5CCF0042042B = {
						CreatedOnToolsVersion = 11.5;
					};
					8DE1EEF224BD5CD20042042B = {
						CreatedOnToolsVersion = 11.5;
						TestTargetID = 8DE1EED424BD5CCF0042042B;
					};
					8DE1EEFD24BD5CD20042042B = {
						CreatedOnToolsVersion = 11.5;
						TestTargetID = 8DE1EED424BD5CCF0042042B;
					};
				};
			};
			buildConfigurationList = 8DE1EED024BD5CCF0042042B /* Build configuration list for PBXProject "LGQ_A_Category" */;
			compatibilityVersion = "Xcode 9.3";
			developmentRegion = en;
			hasScannedForEncodings = 0;
			knownRegions = (
				en,
				Base,
			);
			mainGroup = 8DE1EECC24BD5CCF0042042B;
			productRefGroup = 8DE1EED624BD5CCF0042042B /* Products */;
			projectDirPath = "";
			projectRoot = "";
			targets = (
				8DE1EED424BD5CCF0042042B /* LGQ_A_Category */,
				8DE1EEF224BD5CD20042042B /* LGQ_A_CategoryTests */,
				8DE1EEFD24BD5CD20042042B /* LGQ_A_CategoryUITests */,
			);
		};
/* End PBXProject section */

/* Begin PBXResourcesBuildPhase section */
		8DE1EED324BD5CCF0042042B /* Resources */ = {
			isa = PBXResourcesBuildPhase;
			buildActionMask = 2147483647;
			files = (
				8DE1EEEB24BD5CD20042042B /* LaunchScreen.storyboard in Resources */,
				8DE1EEE824BD5CD20042042B /* Assets.xcassets in Resources */,
				8DE1EEE324BD5CCF0042042B /* Main.storyboard in Resources */,
			);
			runOnlyForDeploymentPostprocessing = 0;
		};
		8DE1EEF124BD5CD20042042B /* Resources */ = {
			isa = PBXResourcesBuildPhase;
			buildActionMask = 2147483647;
			files = (
			);
			runOnlyForDeploymentPostprocessing = 0;
		};
		8DE1EEFC24BD5CD20042042B /* Resources */ = {
			isa = PBXResourcesBuildPhase;
			buildActionMask = 2147483647;
			files = (
			);
			runOnlyForDeploymentPostprocessing = 0;
		};
/* End PBXResourcesBuildPhase section */

/* Begin PBXShellScriptBuildPhase section */
		08652B974B4E97CFC99A9C11 /* [CP] Embed Pods Frameworks */ = {
			isa = PBXShellScriptBuildPhase;
			buildActionMask = 2147483647;
			files = (
			);
			inputFileListPaths = (
				"${PODS_ROOT}/Target Support Files/Pods-LGQ_A_Category-LGQ_A_CategoryUITests/Pods-LGQ_A_Category-LGQ_A_CategoryUITests-frameworks-${CONFIGURATION}-input-files.xcfilelist",
			);
			name = "[CP] Embed Pods Frameworks";
			outputFileListPaths = (
				"${PODS_ROOT}/Target Support Files/Pods-LGQ_A_Category-LGQ_A_CategoryUITests/Pods-LGQ_A_Category-LGQ_A_CategoryUITests-frameworks-${CONFIGURATION}-output-files.xcfilelist",
			);
			runOnlyForDeploymentPostprocessing = 0;
			shellPath = /bin/sh;
			shellScript = "\"${PODS_ROOT}/Target Support Files/Pods-LGQ_A_Category-LGQ_A_CategoryUITests/Pods-LGQ_A_Category-LGQ_A_CategoryUITests-frameworks.sh\"\n";
			showEnvVarsInLog = 0;
		};
		4CCB3995E662DB9F9383FC1C /* [CP] Embed Pods Frameworks */ = {
			isa = PBXShellScriptBuildPhase;
			buildActionMask = 2147483647;
			files = (
			);
			inputFileListPaths = (
				"${PODS_ROOT}/Target Support Files/Pods-LGQ_A_Category/Pods-LGQ_A_Category-frameworks-${CONFIGURATION}-input-files.xcfilelist",
			);
			name = "[CP] Embed Pods Frameworks";
			outputFileListPaths = (
				"${PODS_ROOT}/Target Support Files/Pods-LGQ_A_Category/Pods-LGQ_A_Category-frameworks-${CONFIGURATION}-output-files.xcfilelist",
			);
			runOnlyForDeploymentPostprocessing = 0;
			shellPath = /bin/sh;
			shellScript = "\"${PODS_ROOT}/Target Support Files/Pods-LGQ_A_Category/Pods-LGQ_A_Category-frameworks.sh\"\n";
			showEnvVarsInLog = 0;
		};
		724AEA815CE14C6AB04139B5 /* [CP] Check Pods Manifest.lock */ = {
			isa = PBXShellScriptBuildPhase;
			buildActionMask = 2147483647;
			files = (
			);
			inputFileListPaths = (
			);
			inputPaths = (
				"${PODS_PODFILE_DIR_PATH}/Podfile.lock",
				"${PODS_ROOT}/Manifest.lock",
			);
			name = "[CP] Check Pods Manifest.lock";
			outputFileListPaths = (
			);
			outputPaths = (
				"$(DERIVED_FILE_DIR)/Pods-LGQ_A_CategoryTests-checkManifestLockResult.txt",
			);
			runOnlyForDeploymentPostprocessing = 0;
			shellPath = /bin/sh;
			shellScript = "diff \"${PODS_PODFILE_DIR_PATH}/Podfile.lock\" \"${PODS_ROOT}/Manifest.lock\" > /dev/null\nif [ $? != 0 ] ; then\n    # print error to STDERR\n    echo \"error: The sandbox is not in sync with the Podfile.lock. Run 'pod install' or update your CocoaPods installation.\" >&2\n    exit 1\nfi\n# This output is used by Xcode 'outputs' to avoid re-running this script phase.\necho \"SUCCESS\" > \"${SCRIPT_OUTPUT_FILE_0}\"\n";
			showEnvVarsInLog = 0;
		};
		E64D40F5696225E13749FA43 /* [CP] Check Pods Manifest.lock */ = {
			isa = PBXShellScriptBuildPhase;
			buildActionMask = 2147483647;
			files = (
			);
			inputFileListPaths = (
			);
			inputPaths = (
				"${PODS_PODFILE_DIR_PATH}/Podfile.lock",
				"${PODS_ROOT}/Manifest.lock",
			);
			name = "[CP] Check Pods Manifest.lock";
			outputFileListPaths = (
			);
			outputPaths = (
				"$(DERIVED_FILE_DIR)/Pods-LGQ_A_Category-LGQ_A_CategoryUITests-checkManifestLockResult.txt",
			);
			runOnlyForDeploymentPostprocessing = 0;
			shellPath = /bin/sh;
			shellScript = "diff \"${PODS_PODFILE_DIR_PATH}/Podfile.lock\" \"${PODS_ROOT}/Manifest.lock\" > /dev/null\nif [ $? != 0 ] ; then\n    # print error to STDERR\n    echo \"error: The sandbox is not in sync with the Podfile.lock. Run 'pod install' or update your CocoaPods installation.\" >&2\n    exit 1\nfi\n# This output is used by Xcode 'outputs' to avoid re-running this script phase.\necho \"SUCCESS\" > \"${SCRIPT_OUTPUT_FILE_0}\"\n";
			showEnvVarsInLog = 0;
		};
		F41585DE442267EB36EC7924 /* [CP] Check Pods Manifest.lock */ = {
			isa = PBXShellScriptBuildPhase;
			buildActionMask = 2147483647;
			files = (
			);
			inputFileListPaths = (
			);
			inputPaths = (
				"${PODS_PODFILE_DIR_PATH}/Podfile.lock",
				"${PODS_ROOT}/Manifest.lock",
			);
			name = "[CP] Check Pods Manifest.lock";
			outputFileListPaths = (
			);
			outputPaths = (
				"$(DERIVED_FILE_DIR)/Pods-LGQ_A_Category-checkManifestLockResult.txt",
			);
			runOnlyForDeploymentPostprocessing = 0;
			shellPath = /bin/sh;
			shellScript = "diff \"${PODS_PODFILE_DIR_PATH}/Podfile.lock\" \"${PODS_ROOT}/Manifest.lock\" > /dev/null\nif [ $? != 0 ] ; then\n    # print error to STDERR\n    echo \"error: The sandbox is not in sync with the Podfile.lock. Run 'pod install' or update your CocoaPods installation.\" >&2\n    exit 1\nfi\n# This output is used by Xcode 'outputs' to avoid re-running this script phase.\necho \"SUCCESS\" > \"${SCRIPT_OUTPUT_FILE_0}\"\n";
			showEnvVarsInLog = 0;
		};
/* End PBXShellScriptBuildPhase section */

/* Begin PBXSourcesBuildPhase section */
		8DE1EED124BD5CCF0042042B /* Sources */ = {
			isa = PBXSourcesBuildPhase;
			buildActionMask = 2147483647;
			files = (
				8DE1EEEE24BD5CD20042042B /* main.m in Sources */,
				8DE1EEE624BD5CCF0042042B /* LGQ_A_Category.xcdatamodeld in Sources */,
				8DE1EEE024BD5CCF0042042B /* ViewController.m in Sources */,
				8DE1EEDA24BD5CCF0042042B /* AppDelegate.m in Sources */,
				8DE1EF1324BD6B8C0042042B /* CTMediator+LGQ_A.m in Sources */,
				8DE1EEDD24BD5CCF0042042B /* SceneDelegate.m in Sources */,
			);
			runOnlyForDeploymentPostprocessing = 0;
		};
		8DE1EEEF24BD5CD20042042B /* Sources */ = {
			isa = PBXSourcesBuildPhase;
			buildActionMask = 2147483647;
			files = (
				8DE1EEF824BD5CD20042042B /* LGQ_A_CategoryTests.m in Sources */,
			);
			runOnlyForDeploymentPostprocessing = 0;
		};
		8DE1EEFA24BD5CD20042042B /* Sources */ = {
			isa = PBXSourcesBuildPhase;
			buildActionMask = 2147483647;
			files = (
				8DE1EF0324BD5CD20042042B /* LGQ_A_CategoryUITests.m in Sources */,
			);
			runOnlyForDeploymentPostprocessing = 0;
		};
/* End PBXSourcesBuildPhase section */

/* Begin PBXTargetDependency section */
		8DE1EEF524BD5CD20042042B /* PBXTargetDependency */ = {
			isa = PBXTargetDependency;
			target = 8DE1EED424BD5CCF0042042B /* LGQ_A_Category */;
			targetProxy = 8DE1EEF424BD5CD20042042B /* PBXContainerItemProxy */;
		};
		8DE1EF0024BD5CD20042042B /* PBXTargetDependency */ = {
			isa = PBXTargetDependency;
			target = 8DE1EED424BD5CCF0042042B /* LGQ_A_Category */;
			targetProxy = 8DE1EEFF24BD5CD20042042B /* PBXContainerItemProxy */;
		};
/* End PBXTargetDependency section */

/* Begin PBXVariantGroup section */
		8DE1EEE124BD5CCF0042042B /* Main.storyboard */ = {
			isa = PBXVariantGroup;
			children = (
				8DE1EEE224BD5CCF0042042B /* Base */,
			);
			name = Main.storyboard;
			sourceTree = "<group>";
		};
		8DE1EEE924BD5CD20042042B /* LaunchScreen.storyboard */ = {
			isa = PBXVariantGroup;
			children = (
				8DE1EEEA24BD5CD20042042B /* Base */,
			);
			name = LaunchScreen.storyboard;
			sourceTree = "<group>";
		};
/* End PBXVariantGroup section */

/* Begin XCBuildConfiguration section */
		8DE1EF0524BD5CD20042042B /* Debug */ = {
			isa = XCBuildConfiguration;
			buildSettings = {
				ALWAYS_SEARCH_USER_PATHS = NO;
				CLANG_ANALYZER_NONNULL = YES;
				CLANG_ANALYZER_NUMBER_OBJECT_CONVERSION = YES_AGGRESSIVE;
				CLANG_CXX_LANGUAGE_STANDARD = "gnu++14";
				CLANG_CXX_LIBRARY = "libc++";
				CLANG_ENABLE_MODULES = YES;
				CLANG_ENABLE_OBJC_ARC = YES;
				CLANG_ENABLE_OBJC_WEAK = YES;
				CLANG_WARN_BLOCK_CAPTURE_AUTORELEASING = YES;
				CLANG_WARN_BOOL_CONVERSION = YES;
				CLANG_WARN_COMMA = YES;
				CLANG_WARN_CONSTANT_CONVERSION = YES;
				CLANG_WARN_DEPRECATED_OBJC_IMPLEMENTATIONS = YES;
				CLANG_WARN_DIRECT_OBJC_ISA_USAGE = YES_ERROR;
				CLANG_WARN_DOCUMENTATION_COMMENTS = YES;
				CLANG_WARN_EMPTY_BODY = YES;
				CLANG_WARN_ENUM_CONVERSION = YES;
				CLANG_WARN_INFINITE_RECURSION = YES;
				CLANG_WARN_INT_CONVERSION = YES;
				CLANG_WARN_NON_LITERAL_NULL_CONVERSION = YES;
				CLANG_WARN_OBJC_IMPLICIT_RETAIN_SELF = YES;
				CLANG_WARN_OBJC_LITERAL_CONVERSION = YES;
				CLANG_WARN_OBJC_ROOT_CLASS = YES_ERROR;
				CLANG_WARN_RANGE_LOOP_ANALYSIS = YES;
				CLANG_WARN_STRICT_PROTOTYPES = YES;
				CLANG_WARN_SUSPICIOUS_MOVE = YES;
				CLANG_WARN_UNGUARDED_AVAILABILITY = YES_AGGRESSIVE;
				CLANG_WARN_UNREACHABLE_CODE = YES;
				CLANG_WARN__DUPLICATE_METHOD_MATCH = YES;
				COPY_PHASE_STRIP = NO;
				DEBUG_INFORMATION_FORMAT = dwarf;
				ENABLE_STRICT_OBJC_MSGSEND = YES;
				ENABLE_TESTABILITY = YES;
				GCC_C_LANGUAGE_STANDARD = gnu11;
				GCC_DYNAMIC_NO_PIC = NO;
				GCC_NO_COMMON_BLOCKS = YES;
				GCC_OPTIMIZATION_LEVEL = 0;
				GCC_PREPROCESSOR_DEFINITIONS = (
					"DEBUG=1",
					"$(inherited)",
				);
				GCC_WARN_64_TO_32_BIT_CONVERSION = YES;
				GCC_WARN_ABOUT_RETURN_TYPE = YES_ERROR;
				GCC_WARN_UNDECLARED_SELECTOR = YES;
				GCC_WARN_UNINITIALIZED_AUTOS = YES_AGGRESSIVE;
				GCC_WARN_UNUSED_FUNCTION = YES;
				GCC_WARN_UNUSED_VARIABLE = YES;
				IPHONEOS_DEPLOYMENT_TARGET = 13.5;
				MTL_ENABLE_DEBUG_INFO = INCLUDE_SOURCE;
				MTL_FAST_MATH = YES;
				ONLY_ACTIVE_ARCH = YES;
				SDKROOT = iphoneos;
			};
			name = Debug;
		};
		8DE1EF0624BD5CD20042042B /* Release */ = {
			isa = XCBuildConfiguration;
			buildSettings = {
				ALWAYS_SEARCH_USER_PATHS = NO;
				CLANG_ANALYZER_NONNULL = YES;
				CLANG_ANALYZER_NUMBER_OBJECT_CONVERSION = YES_AGGRESSIVE;
				CLANG_CXX_LANGUAGE_STANDARD = "gnu++14";
				CLANG_CXX_LIBRARY = "libc++";
				CLANG_ENABLE_MODULES = YES;
				CLANG_ENABLE_OBJC_ARC = YES;
				CLANG_ENABLE_OBJC_WEAK = YES;
				CLANG_WARN_BLOCK_CAPTURE_AUTORELEASING = YES;
				CLANG_WARN_BOOL_CONVERSION = YES;
				CLANG_WARN_COMMA = YES;
				CLANG_WARN_CONSTANT_CONVERSION = YES;
				CLANG_WARN_DEPRECATED_OBJC_IMPLEMENTATIONS = YES;
				CLANG_WARN_DIRECT_OBJC_ISA_USAGE = YES_ERROR;
				CLANG_WARN_DOCUMENTATION_COMMENTS = YES;
				CLANG_WARN_EMPTY_BODY = YES;
				CLANG_WARN_ENUM_CONVERSION = YES;
				CLANG_WARN_INFINITE_RECURSION = YES;
				CLANG_WARN_INT_CONVERSION = YES;
				CLANG_WARN_NON_LITERAL_NULL_CONVERSION = YES;
				CLANG_WARN_OBJC_IMPLICIT_RETAIN_SELF = YES;
				CLANG_WARN_OBJC_LITERAL_CONVERSION = YES;
				CLANG_WARN_OBJC_ROOT_CLASS = YES_ERROR;
				CLANG_WARN_RANGE_LOOP_ANALYSIS = YES;
				CLANG_WARN_STRICT_PROTOTYPES = YES;
				CLANG_WARN_SUSPICIOUS_MOVE = YES;
				CLANG_WARN_UNGUARDED_AVAILABILITY = YES_AGGRESSIVE;
				CLANG_WARN_UNREACHABLE_CODE = YES;
				CLANG_WARN__DUPLICATE_METHOD_MATCH = YES;
				COPY_PHASE_STRIP = NO;
				DEBUG_INFORMATION_FORMAT = "dwarf-with-dsym";
				ENABLE_NS_ASSERTIONS = NO;
				ENABLE_STRICT_OBJC_MSGSEND = YES;
				GCC_C_LANGUAGE_STANDARD = gnu11;
				GCC_NO_COMMON_BLOCKS = YES;
				GCC_WARN_64_TO_32_BIT_CONVERSION = YES;
				GCC_WARN_ABOUT_RETURN_TYPE = YES_ERROR;
				GCC_WARN_UNDECLARED_SELECTOR = YES;
				GCC_WARN_UNINITIALIZED_AUTOS = YES_AGGRESSIVE;
				GCC_WARN_UNUSED_FUNCTION = YES;
				GCC_WARN_UNUSED_VARIABLE = YES;
				IPHONEOS_DEPLOYMENT_TARGET = 13.5;
				MTL_ENABLE_DEBUG_INFO = NO;
				MTL_FAST_MATH = YES;
				SDKROOT = iphoneos;
				VALIDATE_PRODUCT = YES;
			};
			name = Release;
		};
		8DE1EF0824BD5CD20042042B /* Debug */ = {
			isa = XCBuildConfiguration;
			baseConfigurationReference = 96A9F84697BF6CAD51907987 /* Pods-LGQ_A_Category.debug.xcconfig */;
			buildSettings = {
				ASSETCATALOG_COMPILER_APPICON_NAME = AppIcon;
				CODE_SIGN_STYLE = Automatic;
				INFOPLIST_FILE = LGQ_A_Category/Info.plist;
				LD_RUNPATH_SEARCH_PATHS = (
					"$(inherited)",
					"@executable_path/Frameworks",
				);
				PRODUCT_BUNDLE_IDENTIFIER = "com.lgq.LGQ-A-Category";
				PRODUCT_NAME = "$(TARGET_NAME)";
				TARGETED_DEVICE_FAMILY = "1,2";
			};
			name = Debug;
		};
		8DE1EF0924BD5CD20042042B /* Release */ = {
			isa = XCBuildConfiguration;
			baseConfigurationReference = C380448EF328C457160D3269 /* Pods-LGQ_A_Category.release.xcconfig */;
			buildSettings = {
				ASSETCATALOG_COMPILER_APPICON_NAME = AppIcon;
				CODE_SIGN_STYLE = Automatic;
				INFOPLIST_FILE = LGQ_A_Category/Info.plist;
				LD_RUNPATH_SEARCH_PATHS = (
					"$(inherited)",
					"@executable_path/Frameworks",
				);
				PRODUCT_BUNDLE_IDENTIFIER = "com.lgq.LGQ-A-Category";
				PRODUCT_NAME = "$(TARGET_NAME)";
				TARGETED_DEVICE_FAMILY = "1,2";
			};
			name = Release;
		};
		8DE1EF0B24BD5CD20042042B /* Debug */ = {
			isa = XCBuildConfiguration;
			baseConfigurationReference = 3BB335957E3E74489F0214E6 /* Pods-LGQ_A_CategoryTests.debug.xcconfig */;
			buildSettings = {
				BUNDLE_LOADER = "$(TEST_HOST)";
				CODE_SIGN_STYLE = Automatic;
				INFOPLIST_FILE = LGQ_A_CategoryTests/Info.plist;
				IPHONEOS_DEPLOYMENT_TARGET = 13.5;
				LD_RUNPATH_SEARCH_PATHS = (
					"$(inherited)",
					"@executable_path/Frameworks",
					"@loader_path/Frameworks",
				);
				PRODUCT_BUNDLE_IDENTIFIER = "com.lgq.LGQ-A-CategoryTests";
				PRODUCT_NAME = "$(TARGET_NAME)";
				TARGETED_DEVICE_FAMILY = "1,2";
				TEST_HOST = "$(BUILT_PRODUCTS_DIR)/LGQ_A_Category.app/LGQ_A_Category";
			};
			name = Debug;
		};
		8DE1EF0C24BD5CD20042042B /* Release */ = {
			isa = XCBuildConfiguration;
			baseConfigurationReference = 498246554C378FD853BFEF56 /* Pods-LGQ_A_CategoryTests.release.xcconfig */;
			buildSettings = {
				BUNDLE_LOADER = "$(TEST_HOST)";
				CODE_SIGN_STYLE = Automatic;
				INFOPLIST_FILE = LGQ_A_CategoryTests/Info.plist;
				IPHONEOS_DEPLOYMENT_TARGET = 13.5;
				LD_RUNPATH_SEARCH_PATHS = (
					"$(inherited)",
					"@executable_path/Frameworks",
					"@loader_path/Frameworks",
				);
				PRODUCT_BUNDLE_IDENTIFIER = "com.lgq.LGQ-A-CategoryTests";
				PRODUCT_NAME = "$(TARGET_NAME)";
				TARGETED_DEVICE_FAMILY = "1,2";
				TEST_HOST = "$(BUILT_PRODUCTS_DIR)/LGQ_A_Category.app/LGQ_A_Category";
			};
			name = Release;
		};
		8DE1EF0E24BD5CD20042042B /* Debug */ = {
			isa = XCBuildConfiguration;
			baseConfigurationReference = C33B51267DCD70470E56383A /* Pods-LGQ_A_Category-LGQ_A_CategoryUITests.debug.xcconfig */;
			buildSettings = {
				CODE_SIGN_STYLE = Automatic;
				INFOPLIST_FILE = LGQ_A_CategoryUITests/Info.plist;
				LD_RUNPATH_SEARCH_PATHS = (
					"$(inherited)",
					"@executable_path/Frameworks",
					"@loader_path/Frameworks",
				);
				PRODUCT_BUNDLE_IDENTIFIER = "com.lgq.LGQ-A-CategoryUITests";
				PRODUCT_NAME = "$(TARGET_NAME)";
				TARGETED_DEVICE_FAMILY = "1,2";
				TEST_TARGET_NAME = LGQ_A_Category;
			};
			name = Debug;
		};
		8DE1EF0F24BD5CD20042042B /* Release */ = {
			isa = XCBuildConfiguration;
			baseConfigurationReference = 74F76C7C0120CD6AC202CC3F /* Pods-LGQ_A_Category-LGQ_A_CategoryUITests.release.xcconfig */;
			buildSettings = {
				CODE_SIGN_STYLE = Automatic;
				INFOPLIST_FILE = LGQ_A_CategoryUITests/Info.plist;
				LD_RUNPATH_SEARCH_PATHS = (
					"$(inherited)",
					"@executable_path/Frameworks",
					"@loader_path/Frameworks",
				);
				PRODUCT_BUNDLE_IDENTIFIER = "com.lgq.LGQ-A-CategoryUITests";
				PRODUCT_NAME = "$(TARGET_NAME)";
				TARGETED_DEVICE_FAMILY = "1,2";
				TEST_TARGET_NAME = LGQ_A_Category;
			};
			name = Release;
		};
/* End XCBuildConfiguration section */

/* Begin XCConfigurationList section */
		8DE1EED024BD5CCF0042042B /* Build configuration list for PBXProject "LGQ_A_Category" */ = {
			isa = XCConfigurationList;
			buildConfigurations = (
				8DE1EF0524BD5CD20042042B /* Debug */,
				8DE1EF0624BD5CD20042042B /* Release */,
			);
			defaultConfigurationIsVisible = 0;
			defaultConfigurationName = Release;
		};
		8DE1EF0724BD5CD20042042B /* Build configuration list for PBXNativeTarget "LGQ_A_Category" */ = {
			isa = XCConfigurationList;
			buildConfigurations = (
				8DE1EF0824BD5CD20042042B /* Debug */,
				8DE1EF0924BD5CD20042042B /* Release */,
			);
			defaultConfigurationIsVisible = 0;
			defaultConfigurationName = Release;
		};
		8DE1EF0A24BD5CD20042042B /* Build configuration list for PBXNativeTarget "LGQ_A_CategoryTests" */ = {
			isa = XCConfigurationList;
			buildConfigurations = (
				8DE1EF0B24BD5CD20042042B /* Debug */,
				8DE1EF0C24BD5CD20042042B /* Release */,
			);
			defaultConfigurationIsVisible = 0;
			defaultConfigurationName = Release;
		};
		8DE1EF0D24BD5CD20042042B /* Build configuration list for PBXNativeTarget "LGQ_A_CategoryUITests" */ = {
			isa = XCConfigurationList;
			buildConfigurations = (
				8DE1EF0E24BD5CD20042042B /* Debug */,
				8DE1EF0F24BD5CD20042042B /* Release */,
			);
			defaultConfigurationIsVisible = 0;
			defaultConfigurationName = Release;
		};
/* End XCConfigurationList section */

/* Begin XCVersionGroup section */
		8DE1EEE424BD5CCF0042042B /* LGQ_A_Category.xcdatamodeld */ = {
			isa = XCVersionGroup;
			children = (
				8DE1EEE524BD5CCF0042042B /* LGQ_A_Category.xcdatamodel */,
			);
			currentVersion = 8DE1EEE524BD5CCF0042042B /* LGQ_A_Category.xcdatamodel */;
			path = LGQ_A_Category.xcdatamodeld;
			sourceTree = "<group>";
			versionGroupType = wrapper.xcdatamodel;
		};
/* End XCVersionGroup section */
	};
	rootObject = 8DE1EECD24BD5CCF0042042B /* Project object */;
}
